// !$*UTF8*$!
{
	archiveVersion = 1;
	classes = {
	};
	objectVersion = 46;
	objects = {

/* Begin PBXBuildFile section */
		DE61261D1B2505950009FB34 /* AppDelegate.swift in Sources */ = {isa = PBXBuildFile; fileRef = DE61261C1B2505950009FB34 /* AppDelegate.swift */; };
		DE6126201B2505950009FB34 /* GrandOpens.xcdatamodeld in Sources */ = {isa = PBXBuildFile; fileRef = DE61261E1B2505950009FB34 /* GrandOpens.xcdatamodeld */; };
		DE6126221B2505950009FB34 /* ViewController.swift in Sources */ = {isa = PBXBuildFile; fileRef = DE6126211B2505950009FB34 /* ViewController.swift */; };
		DE6126251B2505950009FB34 /* Main.storyboard in Resources */ = {isa = PBXBuildFile; fileRef = DE6126231B2505950009FB34 /* Main.storyboard */; };
		DE6126271B2505950009FB34 /* Images.xcassets in Resources */ = {isa = PBXBuildFile; fileRef = DE6126261B2505950009FB34 /* Images.xcassets */; };
		DE61262A1B2505950009FB34 /* LaunchScreen.xib in Resources */ = {isa = PBXBuildFile; fileRef = DE6126281B2505950009FB34 /* LaunchScreen.xib */; };
		DE6126361B2505950009FB34 /* GrandOpensTests.swift in Sources */ = {isa = PBXBuildFile; fileRef = DE6126351B2505950009FB34 /* GrandOpensTests.swift */; };
/* End PBXBuildFile section */

/* Begin PBXContainerItemProxy section */
		DE6126301B2505950009FB34 /* PBXContainerItemProxy */ = {
			isa = PBXContainerItemProxy;
			containerPortal = DE61260F1B2505950009FB34 /* Project object */;
			proxyType = 1;
			remoteGlobalIDString = DE6126161B2505950009FB34;
			remoteInfo = GrandOpens;
		};
/* End PBXContainerItemProxy section */

/* Begin PBXFileReference section */
		DE6126171B2505950009FB34 /* GrandOpens.app */ = {isa = PBXFileReference; explicitFileType = wrapper.application; includeInIndex = 0; path = GrandOpens.app; sourceTree = BUILT_PRODUCTS_DIR; };
		DE61261B1B2505950009FB34 /* Info.plist */ = {isa = PBXFileReference; lastKnownFileType = text.plist.xml; path = Info.plist; sourceTree = "<group>"; };
		DE61261C1B2505950009FB34 /* AppDelegate.swift */ = {isa = PBXFileReference; lastKnownFileType = sourcecode.swift; path = AppDelegate.swift; sourceTree = "<group>"; };
		DE61261F1B2505950009FB34 /* GrandOpens.xcdatamodel */ = {isa = PBXFileReference; lastKnownFileType = wrapper.xcdatamodel; path = GrandOpens.xcdatamodel; sourceTree = "<group>"; };
		DE6126211B2505950009FB34 /* ViewController.swift */ = {isa = PBXFileReference; lastKnownFileType = sourcecode.swift; path = ViewController.swift; sourceTree = "<group>"; };
		DE6126241B2505950009FB34 /* Base */ = {isa = PBXFileReference; lastKnownFileType = file.storyboard; name = Base; path = Base.lproj/Main.storyboard; sourceTree = "<group>"; };
		DE6126261B2505950009FB34 /* Images.xcassets */ = {isa = PBXFileReference; lastKnownFileType = folder.assetcatalog; path = Images.xcassets; sourceTree = "<group>"; };
		DE6126291B2505950009FB34 /* Base */ = {isa = PBXFileReference; lastKnownFileType = file.xib; name = Base; path = Base.lproj/LaunchScreen.xib; sourceTree = "<group>"; };
		DE61262F1B2505950009FB34 /* GrandOpensTests.xctest */ = {isa = PBXFileReference; explicitFileType = wrapper.cfbundle; includeInIndex = 0; path = GrandOpensTests.xctest; sourceTree = BUILT_PRODUCTS_DIR; };
		DE6126341B2505950009FB34 /* Info.plist */ = {isa = PBXFileReference; lastKnownFileType = text.plist.xml; path = Info.plist; sourceTree = "<group>"; };
		DE6126351B2505950009FB34 /* GrandOpensTests.swift */ = {isa = PBXFileReference; lastKnownFileType = sourcecode.swift; path = GrandOpensTests.swift; sourceTree = "<group>"; };
/* End PBXFileReference section */

/* Begin PBXFrameworksBuildPhase section */
		DE6126141B2505950009FB34 /* Frameworks */ = {
			isa = PBXFrameworksBuildPhase;
			buildActionMask = 2147483647;
			files = (
			);
			runOnlyForDeploymentPostprocessing = 0;
		};
		DE61262C1B2505950009FB34 /* Frameworks */ = {
			isa = PBXFrameworksBuildPhase;
			buildActionMask = 2147483647;
			files = (
			);
			runOnlyForDeploymentPostprocessing = 0;
		};
/* End PBXFrameworksBuildPhase section */

/* Begin PBXGroup section */
		DE61260E1B2505950009FB34 = {
			isa = PBXGroup;
			children = (
				DE6126191B2505950009FB34 /* GrandOpens */,
				DE6126321B2505950009FB34 /* GrandOpensTests */,
				DE6126181B2505950009FB34 /* Products */,
			);
			sourceTree = "<group>";
		};
		DE6126181B2505950009FB34 /* Products */ = {
			isa = PBXGroup;
			children = (
				DE6126171B2505950009FB34 /* GrandOpens.app */,
				DE61262F1B2505950009FB34 /* GrandOpensTests.xctest */,
			);
			name = Products;
			sourceTree = "<group>";
		};
		DE6126191B2505950009FB34 /* GrandOpens */ = {
			isa = PBXGroup;
			children = (
				DE61261C1B2505950009FB34 /* AppDelegate.swift */,
				DE6126211B2505950009FB34 /* ViewController.swift */,
				DE6126231B2505950009FB34 /* Main.storyboard */,
				DE6126261B2505950009FB34 /* Images.xcassets */,
				DE6126281B2505950009FB34 /* LaunchScreen.xib */,
				DE61261E1B2505950009FB34 /* GrandOpens.xcdatamodeld */,
				DE61261A1B2505950009FB34 /* Supporting Files */,
			);
			path = GrandOpens;
			sourceTree = "<group>";
		};
		DE61261A1B2505950009FB34 /* Supporting Files */ = {
			isa = PBXGroup;
			children = (
				DE61261B1B2505950009FB34 /* Info.plist */,
			);
			name = "Supporting Files";
			sourceTree = "<group>";
		};
		DE6126321B2505950009FB34 /* GrandOpensTests */ = {
			isa = PBXGroup;
			children = (
				DE6126351B2505950009FB34 /* GrandOpensTests.swift */,
				DE6126331B2505950009FB34 /* Supporting Files */,
			);
			path = GrandOpensTests;
			sourceTree = "<group>";
		};
		DE6126331B2505950009FB34 /* Supporting Files */ = {
			isa = PBXGroup;
			children = (
				DE6126341B2505950009FB34 /* Info.plist */,
			);
			name = "Supporting Files";
			sourceTree = "<group>";
		};
/* End PBXGroup section */

/* Begin PBXNativeTarget section */
		DE6126161B2505950009FB34 /* GrandOpens */ = {
			isa = PBXNativeTarget;
			buildConfigurationList = DE6126391B2505950009FB34 /* Build configuration list for PBXNativeTarget "GrandOpens" */;
			buildPhases = (
				DE6126131B2505950009FB34 /* Sources */,
				DE6126141B2505950009FB34 /* Frameworks */,
				DE6126151B2505950009FB34 /* Resources */,
			);
			buildRules = (
			);
			dependencies = (
			);
			name = GrandOpens;
			productName = GrandOpens;
			productReference = DE6126171B2505950009FB34 /* GrandOpens.app */;
			productType = "com.apple.product-type.application";
		};
		DE61262E1B2505950009FB34 /* GrandOpensTests */ = {
			isa = PBXNativeTarget;
			buildConfigurationList = DE61263C1B2505950009FB34 /* Build configuration list for PBXNativeTarget "GrandOpensTests" */;
			buildPhases = (
				DE61262B1B2505950009FB34 /* Sources */,
				DE61262C1B2505950009FB34 /* Frameworks */,
				DE61262D1B2505950009FB34 /* Resources */,
			);
			buildRules = (
			);
			dependencies = (
				DE6126311B2505950009FB34 /* PBXTargetDependency */,
			);
			name = GrandOpensTests;
			productName = GrandOpensTests;
			productReference = DE61262F1B2505950009FB34 /* GrandOpensTests.xctest */;
			productType = "com.apple.product-type.bundle.unit-test";
		};
/* End PBXNativeTarget section */

/* Begin PBXProject section */
		DE61260F1B2505950009FB34 /* Project object */ = {
			isa = PBXProject;
			attributes = {
				LastUpgradeCheck = 0630;
				ORGANIZATIONNAME = "Tony Morales";
				TargetAttributes = {
					DE6126161B2505950009FB34 = {
						CreatedOnToolsVersion = 6.3.2;
					};
					DE61262E1B2505950009FB34 = {
						CreatedOnToolsVersion = 6.3.2;
						TestTargetID = DE6126161B2505950009FB34;
					};
				};
			};
			buildConfigurationList = DE6126121B2505950009FB34 /* Build configuration list for PBXProject "GrandOpens" */;
			compatibilityVersion = "Xcode 3.2";
			developmentRegion = English;
			hasScannedForEncodings = 0;
			knownRegions = (
				en,
				Base,
			);
			mainGroup = DE61260E1B2505950009FB34;
			productRefGroup = DE6126181B2505950009FB34 /* Products */;
			projectDirPath = "";
			projectRoot = "";
			targets = (
				DE6126161B2505950009FB34 /* GrandOpens */,
				DE61262E1B2505950009FB34 /* GrandOpensTests */,
			);
		};
/* End PBXProject section */

/* Begin PBXResourcesBuildPhase section */
		DE6126151B2505950009FB34 /* Resources */ = {
			isa = PBXResourcesBuildPhase;
			buildActionMask = 2147483647;
			files = (
				DE6126251B2505950009FB34 /* Main.storyboard in Resources */,
				DE61262A1B2505950009FB34 /* LaunchScreen.xib in Resources */,
				DE6126271B2505950009FB34 /* Images.xcassets in Resources */,
			);
			runOnlyForDeploymentPostprocessing = 0;
		};
		DE61262D1B2505950009FB34 /* Resources */ = {
			isa = PBXResourcesBuildPhase;
			buildActionMask = 2147483647;
			files = (
			);
			runOnlyForDeploymentPostprocessing = 0;
		};
/* End PBXResourcesBuildPhase section */

/* Begin PBXSourcesBuildPhase section */
		DE6126131B2505950009FB34 /* Sources */ = {
			isa = PBXSourcesBuildPhase;
			buildActionMask = 2147483647;
			files = (
				DE6126221B2505950009FB34 /* ViewController.swift in Sources */,
				DE6126201B2505950009FB34 /* GrandOpens.xcdatamodeld in Sources */,
				DE61261D1B2505950009FB34 /* AppDelegate.swift in Sources */,
			);
			runOnlyForDeploymentPostprocessing = 0;
		};
		DE61262B1B2505950009FB34 /* Sources */ = {
			isa = PBXSourcesBuildPhase;
			buildActionMask = 2147483647;
			files = (
				DE6126361B2505950009FB34 /* GrandOpensTests.swift in Sources */,
			);
			runOnlyForDeploymentPostprocessing = 0;
		};
/* End PBXSourcesBuildPhase section */

/* Begin PBXTargetDependency section */
		DE6126311B2505950009FB34 /* PBXTargetDependency */ = {
			isa = PBXTargetDependency;
			target = DE6126161B2505950009FB34 /* GrandOpens */;
			targetProxy = DE6126301B2505950009FB34 /* PBXContainerItemProxy */;
		};
/* End PBXTargetDependency section */

/* Begin PBXVariantGroup section */
		DE6126231B2505950009FB34 /* Main.storyboard */ = {
			isa = PBXVariantGroup;
			children = (
				DE6126241B2505950009FB34 /* Base */,
			);
			name = Main.storyboard;
			sourceTree = "<group>";
		};
		DE6126281B2505950009FB34 /* LaunchScreen.xib */ = {
			isa = PBXVariantGroup;
			children = (
				DE6126291B2505950009FB34 /* Base */,
			);
			name = LaunchScreen.xib;
			sourceTree = "<group>";
		};
/* End PBXVariantGroup section */

/* Begin XCBuildConfiguration section */
		DE6126371B2505950009FB34 /* Debug */ = {
			isa = XCBuildConfiguration;
			buildSettings = {
				ALWAYS_SEARCH_USER_PATHS = NO;
				CLANG_CXX_LANGUAGE_STANDARD = "gnu++0x";
				CLANG_CXX_LIBRARY = "libc++";
				CLANG_ENABLE_MODULES = YES;
				CLANG_ENABLE_OBJC_ARC = YES;
				CLANG_WARN_BOOL_CONVERSION = YES;
				CLANG_WARN_CONSTANT_CONVERSION = YES;
				CLANG_WARN_DIRECT_OBJC_ISA_USAGE = YES_ERROR;
				CLANG_WARN_EMPTY_BODY = YES;
				CLANG_WARN_ENUM_CONVERSION = YES;
				CLANG_WARN_INT_CONVERSION = YES;
				CLANG_WARN_OBJC_ROOT_CLASS = YES_ERROR;
				CLANG_WARN_UNREACHABLE_CODE = YES;
				CLANG_WARN__DUPLICATE_METHOD_MATCH = YES;
				"CODE_SIGN_IDENTITY[sdk=iphoneos*]" = "iPhone Developer";
				COPY_PHASE_STRIP = NO;
				DEBUG_INFORMATION_FORMAT = "dwarf-with-dsym";
				ENABLE_STRICT_OBJC_MSGSEND = YES;
				GCC_C_LANGUAGE_STANDARD = gnu99;
				GCC_DYNAMIC_NO_PIC = NO;
				GCC_NO_COMMON_BLOCKS = YES;
				GCC_OPTIMIZATION_LEVEL = 0;
				GCC_PREPROCESSOR_DEFINITIONS = (
					"DEBUG=1",
					"$(inherited)",
				);
				GCC_SYMBOLS_PRIVATE_EXTERN = NO;
				GCC_WARN_64_TO_32_BIT_CONVERSION = YES;
				GCC_WARN_ABOUT_RETURN_TYPE = YES_ERROR;
				GCC_WARN_UNDECLARED_SELECTOR = YES;
				GCC_WARN_UNINITIALIZED_AUTOS = YES_AGGRESSIVE;
				GCC_WARN_UNUSED_FUNCTION = YES;
				GCC_WARN_UNUSED_VARIABLE = YES;
				IPHONEOS_DEPLOYMENT_TARGET = 8.3;
				MTL_ENABLE_DEBUG_INFO = YES;
				ONLY_ACTIVE_ARCH = YES;
				SDKROOT = iphoneos;
				SWIFT_OPTIMIZATION_LEVEL = "-Onone";
				TARGETED_DEVICE_FAMILY = "1,2";
			};
			name = Debug;
		};
		DE6126381B2505950009FB34 /* Release */ = {
			isa = XCBuildConfiguration;
			buildSettings = {
				ALWAYS_SEARCH_USER_PATHS = NO;
				CLANG_CXX_LANGUAGE_STANDARD = "gnu++0x";
				CLANG_CXX_LIBRARY = "libc++";
				CLANG_ENABLE_MODULES = YES;
				CLANG_ENABLE_OBJC_ARC = YES;
				CLANG_WARN_BOOL_CONVERSION = YES;
				CLANG_WARN_CONSTANT_CONVERSION = YES;
				CLANG_WARN_DIRECT_OBJC_ISA_USAGE = YES_ERROR;
				CLANG_WARN_EMPTY_BODY = YES;
				CLANG_WARN_ENUM_CONVERSION = YES;
				CLANG_WARN_INT_CONVERSION = YES;
				CLANG_WARN_OBJC_ROOT_CLASS = YES_ERROR;
				CLANG_WARN_UNREACHABLE_CODE = YES;
				CLANG_WARN__DUPLICATE_METHOD_MATCH = YES;
				"CODE_SIGN_IDENTITY[sdk=iphoneos*]" = "iPhone Developer";
				COPY_PHASE_STRIP = NO;
				DEBUG_INFORMATION_FORMAT = "dwarf-with-dsym";
				ENABLE_NS_ASSERTIONS = NO;
				ENABLE_STRICT_OBJC_MSGSEND = YES;
				GCC_C_LANGUAGE_STANDARD = gnu99;
				GCC_NO_COMMON_BLOCKS = YES;
				GCC_WARN_64_TO_32_BIT_CONVERSION = YES;
				GCC_WARN_ABOUT_RETURN_TYPE = YES_ERROR;
				GCC_WARN_UNDECLARED_SELECTOR = YES;
				GCC_WARN_UNINITIALIZED_AUTOS = YES_AGGRESSIVE;
				GCC_WARN_UNUSED_FUNCTION = YES;
				GCC_WARN_UNUSED_VARIABLE = YES;
				IPHONEOS_DEPLOYMENT_TARGET = 8.3;
				MTL_ENABLE_DEBUG_INFO = NO;
				SDKROOT = iphoneos;
				TARGETED_DEVICE_FAMILY = "1,2";
				VALIDATE_PRODUCT = YES;
			};
			name = Release;
		};
		DE61263A1B2505950009FB34 /* Debug */ = {
			isa = XCBuildConfiguration;
			buildSettings = {
				ASSETCATALOG_COMPILER_APPICON_NAME = AppIcon;
				INFOPLIST_FILE = GrandOpens/Info.plist;
				LD_RUNPATH_SEARCH_PATHS = "$(inherited) @executable_path/Frameworks";
				PRODUCT_NAME = "$(TARGET_NAME)";
			};
			name = Debug;
		};
		DE61263B1B2505950009FB34 /* Release */ = {
			isa = XCBuildConfiguration;
			buildSettings = {
				ASSETCATALOG_COMPILER_APPICON_NAME = AppIcon;
				INFOPLIST_FILE = GrandOpens/Info.plist;
				LD_RUNPATH_SEARCH_PATHS = "$(inherited) @executable_path/Frameworks";
				PRODUCT_NAME = "$(TARGET_NAME)";
			};
			name = Release;
		};
		DE61263D1B2505950009FB34 /* Debug */ = {
			isa = XCBuildConfiguration;
			buildSettings = {
				BUNDLE_LOADER = "$(TEST_HOST)";
				FRAMEWORK_SEARCH_PATHS = (
					"$(SDKROOT)/Developer/Library/Frameworks",
					"$(inherited)",
				);
				GCC_PREPROCESSOR_DEFINITIONS = (
					"DEBUG=1",
					"$(inherited)",
				);
				INFOPLIST_FILE = GrandOpensTests/Info.plist;
				LD_RUNPATH_SEARCH_PATHS = "$(inherited) @executable_path/Frameworks @loader_path/Frameworks";
				PRODUCT_NAME = "$(TARGET_NAME)";
				TEST_HOST = "$(BUILT_PRODUCTS_DIR)/GrandOpens.app/GrandOpens";
			};
			name = Debug;
		};
		DE61263E1B2505950009FB34 /* Release */ = {
			isa = XCBuildConfiguration;
			buildSettings = {
				BUNDLE_LOADER = "$(TEST_HOST)";
				FRAMEWORK_SEARCH_PATHS = (
					"$(SDKROOT)/Developer/Library/Frameworks",
					"$(inherited)",
				);
				INFOPLIST_FILE = GrandOpensTests/Info.plist;
				LD_RUNPATH_SEARCH_PATHS = "$(inherited) @executable_path/Frameworks @loader_path/Frameworks";
				PRODUCT_NAME = "$(TARGET_NAME)";
				TEST_HOST = "$(BUILT_PRODUCTS_DIR)/GrandOpens.app/GrandOpens";
			};
			name = Release;
		};
/* End XCBuildConfiguration section */

/* Begin XCConfigurationList section */
		DE6126121B2505950009FB34 /* Build configuration list for PBXProject "GrandOpens" */ = {
			isa = XCConfigurationList;
			buildConfigurations = (
				DE6126371B2505950009FB34 /* Debug */,
				DE6126381B2505950009FB34 /* Release */,
			);
			defaultConfigurationIsVisible = 0;
			defaultConfigurationName = Release;
		};
		DE6126391B2505950009FB34 /* Build configuration list for PBXNativeTarget "GrandOpens" */ = {
			isa = XCConfigurationList;
			buildConfigurations = (
				DE61263A1B2505950009FB34 /* Debug */,
				DE61263B1B2505950009FB34 /* Release */,
			);
			defaultConfigurationIsVisible = 0;
		};
		DE61263C1B2505950009FB34 /* Build configuration list for PBXNativeTarget "GrandOpensTests" */ = {
			isa = XCConfigurationList;
			buildConfigurations = (
				DE61263D1B2505950009FB34 /* Debug */,
				DE61263E1B2505950009FB34 /* Release */,
			);
			defaultConfigurationIsVisible = 0;
		};
/* End XCConfigurationList section */

/* Begin XCVersionGroup section */
		DE61261E1B2505950009FB34 /* GrandOpens.xcdatamodeld */ = {
			isa = XCVersionGroup;
			children = (
				DE61261F1B2505950009FB34 /* GrandOpens.xcdatamodel */,
			);
			currentVersion = DE61261F1B2505950009FB34 /* GrandOpens.xcdatamodel */;
			path = GrandOpens.xcdatamodeld;
			sourceTree = "<group>";
			versionGroupType = wrapper.xcdatamodel;
		};
/* End XCVersionGroup section */
	};
	rootObject = DE61260F1B2505950009FB34 /* Project object */;
}
